
Microsoft Visual Studio Solution File, Format Version 12.00
# Visual Studio Version 16
VisualStudioVersion = 16.0.29519.87
MinimumVisualStudioVersion = 10.0.40219.1
Project("{FAE04EC0-301F-11D3-BF4B-00C04F79EFBC}") = "BeerRatingApi", "BeerRatingApi\BeerRatingApi.csproj", "{DECE4712-BD2D-461B-BC3B-A0B3480F7AF5}"
EndProject
Global
	GlobalSection(SolutionConfigurationPlatforms) = preSolution
		Debug|Any CPU = Debug|Any CPU
		Release|Any CPU = Release|Any CPU
	EndGlobalSection
	GlobalSection(ProjectConfigurationPlatforms) = postSolution
		{DECE4712-BD2D-461B-BC3B-A0B3480F7AF5}.Debug|Any CPU.ActiveCfg = Debug|Any CPU
		{DECE4712-BD2D-461B-BC3B-A0B3480F7AF5}.Debug|Any CPU.Build.0 = Debug|Any CPU
		{DECE4712-BD2D-461B-BC3B-A0B3480F7AF5}.Release|Any CPU.ActiveCfg = Release|Any CPU
		{DECE4712-BD2D-461B-BC3B-A0B3480F7AF5}.Release|Any CPU.Build.0 = Release|Any CPU
	EndGlobalSection
	GlobalSection(SolutionProperties) = preSolution
		HideSolutionNode = FALSE
	EndGlobalSection
	GlobalSection(ExtensibilityGlobals) = postSolution
		SolutionGuid = {D3817B92-1018-480E-B181-CE8A6081D906}
	EndGlobalSection
EndGlobal
